# THIS IS AN AUTOGENERATED FILE. DO NOT EDIT THIS FILE DIRECTLY.
# yarn lockfile v1


eslint-config-airbnb-base@^11.0.1:
  version "11.0.1"
  resolved "https://registry.yarnpkg.com/eslint-config-airbnb-base/-/eslint-config-airbnb-base-11.0.1.tgz#5401dba284c6b7d7c8fb1c2ee19aba018f9dfa21"

eslint-config-airbnb@^14.0.0:
  version "14.0.0"
  resolved "https://registry.yarnpkg.com/eslint-config-airbnb/-/eslint-config-airbnb-14.0.0.tgz#bfd87a71102ba3ee19c3733357000b3d5e39790f"
  dependencies:
    eslint-config-airbnb-base "^11.0.1"
